// !$*UTF8*$!
{
	archiveVersion = 1;
	classes = {
	};
	objectVersion = 52;
	objects = {

/* Begin PBXBuildFile section */
		6F1E859324830DEE00B18D85 /* KingfisherSwiftUI in Frameworks */ = {isa = PBXBuildFile; productRef = 6F1E859224830DEE00B18D85 /* KingfisherSwiftUI */; };
		6F3071442485359F00C2A085 /* GenresList.swift in Sources */ = {isa = PBXBuildFile; fileRef = 6F3071432485359F00C2A085 /* GenresList.swift */; };
		6F683D1824856F2F00296B6D /* ActorsList.swift in Sources */ = {isa = PBXBuildFile; fileRef = 6F683D1724856F2F00296B6D /* ActorsList.swift */; };
		6F683D1A24858ED700296B6D /* Default-568h@2x.png in Resources */ = {isa = PBXBuildFile; fileRef = 6F683D1924858ED700296B6D /* Default-568h@2x.png */; };
		6FA8DBE02484282400A6232E /* Tools.swift in Sources */ = {isa = PBXBuildFile; fileRef = 6FA8DBDF2484282400A6232E /* Tools.swift */; };
		6FA8DBE324844B8300A6232E /* Movie.swift in Sources */ = {isa = PBXBuildFile; fileRef = 6FA8DBE224844B8300A6232E /* Movie.swift */; };
		6FA8DBE524844BB500A6232E /* Genre.swift in Sources */ = {isa = PBXBuildFile; fileRef = 6FA8DBE424844BB500A6232E /* Genre.swift */; };
		6FA8DBE72484E9E100A6232E /* DataCastMovie.swift in Sources */ = {isa = PBXBuildFile; fileRef = 6FA8DBE62484E9E100A6232E /* DataCastMovie.swift */; };
		6FA8DBE92484EA5D00A6232E /* MovieActor.swift in Sources */ = {isa = PBXBuildFile; fileRef = 6FA8DBE82484EA5D00A6232E /* MovieActor.swift */; };
		6FB4438C248550E2001AC3A7 /* Home.swift in Sources */ = {isa = PBXBuildFile; fileRef = 6FB4438B248550E2001AC3A7 /* Home.swift */; };
		6FCC3404248252D700112FEB /* AppDelegate.swift in Sources */ = {isa = PBXBuildFile; fileRef = 6FCC3403248252D700112FEB /* AppDelegate.swift */; };
		6FCC3406248252D700112FEB /* SceneDelegate.swift in Sources */ = {isa = PBXBuildFile; fileRef = 6FCC3405248252D700112FEB /* SceneDelegate.swift */; };
		6FCC3408248252D700112FEB /* ContentView.swift in Sources */ = {isa = PBXBuildFile; fileRef = 6FCC3407248252D700112FEB /* ContentView.swift */; };
		6FCC340A248252D700112FEB /* Assets.xcassets in Resources */ = {isa = PBXBuildFile; fileRef = 6FCC3409248252D700112FEB /* Assets.xcassets */; };
		6FCC340D248252D700112FEB /* Preview Assets.xcassets in Resources */ = {isa = PBXBuildFile; fileRef = 6FCC340C248252D700112FEB /* Preview Assets.xcassets */; };
		6FCC3410248252D700112FEB /* LaunchScreen.storyboard in Resources */ = {isa = PBXBuildFile; fileRef = 6FCC340E248252D700112FEB /* LaunchScreen.storyboard */; };
		6FCC341924825D5200112FEB /* DataMovies.swift in Sources */ = {isa = PBXBuildFile; fileRef = 6FCC341824825D5200112FEB /* DataMovies.swift */; };
		6FCC342D2482964D00112FEB /* MoviesList.swift in Sources */ = {isa = PBXBuildFile; fileRef = 6FCC342C2482964D00112FEB /* MoviesList.swift */; };
		6FCC342F2482B6D900112FEB /* MovieDetail.swift in Sources */ = {isa = PBXBuildFile; fileRef = 6FCC342E2482B6D900112FEB /* MovieDetail.swift */; };
		6FCC34312482CE9E00112FEB /* MovieItem.swift in Sources */ = {isa = PBXBuildFile; fileRef = 6FCC34302482CE9E00112FEB /* MovieItem.swift */; };
		6FD8AD1B2483FF4000B1BAE8 /* DataGenres.swift in Sources */ = {isa = PBXBuildFile; fileRef = 6FD8AD1A2483FF4000B1BAE8 /* DataGenres.swift */; };
/* End PBXBuildFile section */

/* Begin PBXFileReference section */
		6F3071432485359F00C2A085 /* GenresList.swift */ = {isa = PBXFileReference; lastKnownFileType = sourcecode.swift; path = GenresList.swift; sourceTree = "<group>"; };
		6F683D1724856F2F00296B6D /* ActorsList.swift */ = {isa = PBXFileReference; lastKnownFileType = sourcecode.swift; path = ActorsList.swift; sourceTree = "<group>"; };
		6F683D1924858ED700296B6D /* Default-568h@2x.png */ = {isa = PBXFileReference; lastKnownFileType = image.png; path = "Default-568h@2x.png"; sourceTree = "<group>"; };
		6FA8DBDF2484282400A6232E /* Tools.swift */ = {isa = PBXFileReference; lastKnownFileType = sourcecode.swift; path = Tools.swift; sourceTree = "<group>"; };
		6FA8DBE224844B8300A6232E /* Movie.swift */ = {isa = PBXFileReference; lastKnownFileType = sourcecode.swift; path = Movie.swift; sourceTree = "<group>"; };
		6FA8DBE424844BB500A6232E /* Genre.swift */ = {isa = PBXFileReference; lastKnownFileType = sourcecode.swift; path = Genre.swift; sourceTree = "<group>"; };
		6FA8DBE62484E9E100A6232E /* DataCastMovie.swift */ = {isa = PBXFileReference; lastKnownFileType = sourcecode.swift; path = DataCastMovie.swift; sourceTree = "<group>"; };
		6FA8DBE82484EA5D00A6232E /* MovieActor.swift */ = {isa = PBXFileReference; lastKnownFileType = sourcecode.swift; path = MovieActor.swift; sourceTree = "<group>"; };
		6FB4438B248550E2001AC3A7 /* Home.swift */ = {isa = PBXFileReference; lastKnownFileType = sourcecode.swift; path = Home.swift; sourceTree = "<group>"; };
		6FCC3400248252D700112FEB /* Movies.app */ = {isa = PBXFileReference; explicitFileType = wrapper.application; includeInIndex = 0; path = Movies.app; sourceTree = BUILT_PRODUCTS_DIR; };
		6FCC3403248252D700112FEB /* AppDelegate.swift */ = {isa = PBXFileReference; lastKnownFileType = sourcecode.swift; path = AppDelegate.swift; sourceTree = "<group>"; };
		6FCC3405248252D700112FEB /* SceneDelegate.swift */ = {isa = PBXFileReference; lastKnownFileType = sourcecode.swift; path = SceneDelegate.swift; sourceTree = "<group>"; };
		6FCC3407248252D700112FEB /* ContentView.swift */ = {isa = PBXFileReference; lastKnownFileType = sourcecode.swift; path = ContentView.swift; sourceTree = "<group>"; };
		6FCC3409248252D700112FEB /* Assets.xcassets */ = {isa = PBXFileReference; lastKnownFileType = folder.assetcatalog; path = Assets.xcassets; sourceTree = "<group>"; };
		6FCC340C248252D700112FEB /* Preview Assets.xcassets */ = {isa = PBXFileReference; lastKnownFileType = folder.assetcatalog; path = "Preview Assets.xcassets"; sourceTree = "<group>"; };
		6FCC340F248252D700112FEB /* Base */ = {isa = PBXFileReference; lastKnownFileType = file.storyboard; name = Base; path = Base.lproj/LaunchScreen.storyboard; sourceTree = "<group>"; };
		6FCC3411248252D700112FEB /* Info.plist */ = {isa = PBXFileReference; lastKnownFileType = text.plist.xml; path = Info.plist; sourceTree = "<group>"; };
		6FCC341824825D5200112FEB /* DataMovies.swift */ = {isa = PBXFileReference; lastKnownFileType = sourcecode.swift; path = DataMovies.swift; sourceTree = "<group>"; };
		6FCC342C2482964D00112FEB /* MoviesList.swift */ = {isa = PBXFileReference; lastKnownFileType = sourcecode.swift; path = MoviesList.swift; sourceTree = "<group>"; };
		6FCC342E2482B6D900112FEB /* MovieDetail.swift */ = {isa = PBXFileReference; lastKnownFileType = sourcecode.swift; path = MovieDetail.swift; sourceTree = "<group>"; };
		6FCC34302482CE9E00112FEB /* MovieItem.swift */ = {isa = PBXFileReference; lastKnownFileType = sourcecode.swift; path = MovieItem.swift; sourceTree = "<group>"; };
		6FD8AD1A2483FF4000B1BAE8 /* DataGenres.swift */ = {isa = PBXFileReference; lastKnownFileType = sourcecode.swift; path = DataGenres.swift; sourceTree = "<group>"; };
/* End PBXFileReference section */

/* Begin PBXFrameworksBuildPhase section */
		6FCC33FD248252D700112FEB /* Frameworks */ = {
			isa = PBXFrameworksBuildPhase;
			buildActionMask = 2147483647;
			files = (
				6F1E859324830DEE00B18D85 /* KingfisherSwiftUI in Frameworks */,
			);
			runOnlyForDeploymentPostprocessing = 0;
		};
/* End PBXFrameworksBuildPhase section */

/* Begin PBXGroup section */
		6FA8DBE124844B6B00A6232E /* Models */ = {
			isa = PBXGroup;
			children = (
				6FA8DBE224844B8300A6232E /* Movie.swift */,
				6FA8DBE82484EA5D00A6232E /* MovieActor.swift */,
				6FA8DBE424844BB500A6232E /* Genre.swift */,
			);
			path = Models;
			sourceTree = "<group>";
		};
		6FCC33F7248252D700112FEB = {
			isa = PBXGroup;
			children = (
				6F683D1924858ED700296B6D /* Default-568h@2x.png */,
				6FCC3402248252D700112FEB /* Movies */,
				6FCC3401248252D700112FEB /* Products */,
			);
			sourceTree = "<group>";
		};
		6FCC3401248252D700112FEB /* Products */ = {
			isa = PBXGroup;
			children = (
				6FCC3400248252D700112FEB /* Movies.app */,
			);
			name = Products;
			sourceTree = "<group>";
		};
		6FCC3402248252D700112FEB /* Movies */ = {
			isa = PBXGroup;
			children = (
				6FA8DBE124844B6B00A6232E /* Models */,
				6FCC342B2482963E00112FEB /* Views */,
				6FCC341724825D2C00112FEB /* Data */,
				6FCC3403248252D700112FEB /* AppDelegate.swift */,
				6FCC3405248252D700112FEB /* SceneDelegate.swift */,
				6FCC3407248252D700112FEB /* ContentView.swift */,
				6FCC3409248252D700112FEB /* Assets.xcassets */,
				6FCC340E248252D700112FEB /* LaunchScreen.storyboard */,
				6FCC3411248252D700112FEB /* Info.plist */,
				6FCC340B248252D700112FEB /* Preview Content */,
			);
			path = Movies;
			sourceTree = "<group>";
		};
		6FCC340B248252D700112FEB /* Preview Content */ = {
			isa = PBXGroup;
			children = (
				6FCC340C248252D700112FEB /* Preview Assets.xcassets */,
			);
			path = "Preview Content";
			sourceTree = "<group>";
		};
		6FCC341724825D2C00112FEB /* Data */ = {
			isa = PBXGroup;
			children = (
				6FCC341824825D5200112FEB /* DataMovies.swift */,
				6FA8DBE62484E9E100A6232E /* DataCastMovie.swift */,
				6FD8AD1A2483FF4000B1BAE8 /* DataGenres.swift */,
				6FA8DBDF2484282400A6232E /* Tools.swift */,
			);
			path = Data;
			sourceTree = "<group>";
		};
		6FCC342B2482963E00112FEB /* Views */ = {
			isa = PBXGroup;
			children = (
				6FCC342C2482964D00112FEB /* MoviesList.swift */,
				6FCC342E2482B6D900112FEB /* MovieDetail.swift */,
				6FCC34302482CE9E00112FEB /* MovieItem.swift */,
				6F3071432485359F00C2A085 /* GenresList.swift */,
				6F683D1724856F2F00296B6D /* ActorsList.swift */,
				6FB4438B248550E2001AC3A7 /* Home.swift */,
			);
			path = Views;
			sourceTree = "<group>";
		};
/* End PBXGroup section */

/* Begin PBXNativeTarget section */
		6FCC33FF248252D700112FEB /* Movies */ = {
			isa = PBXNativeTarget;
			buildConfigurationList = 6FCC3414248252D700112FEB /* Build configuration list for PBXNativeTarget "Movies" */;
			buildPhases = (
				6FCC33FC248252D700112FEB /* Sources */,
				6FCC33FD248252D700112FEB /* Frameworks */,
				6FCC33FE248252D700112FEB /* Resources */,
			);
			buildRules = (
			);
			dependencies = (
			);
			name = Movies;
			packageProductDependencies = (
				6F1E859224830DEE00B18D85 /* KingfisherSwiftUI */,
			);
			productName = "Moment-iOS";
			productReference = 6FCC3400248252D700112FEB /* Movies.app */;
			productType = "com.apple.product-type.application";
		};
/* End PBXNativeTarget section */

/* Begin PBXProject section */
		6FCC33F8248252D700112FEB /* Project object */ = {
			isa = PBXProject;
			attributes = {
				LastSwiftUpdateCheck = 1150;
				LastUpgradeCheck = 1150;
				ORGANIZATIONNAME = "Antoine Lefebvre";
				TargetAttributes = {
					6FCC33FF248252D700112FEB = {
						CreatedOnToolsVersion = 11.5;
					};
				};
			};
			buildConfigurationList = 6FCC33FB248252D700112FEB /* Build configuration list for PBXProject "Movies" */;
			compatibilityVersion = "Xcode 9.3";
			developmentRegion = en;
			hasScannedForEncodings = 0;
			knownRegions = (
				en,
				Base,
			);
			mainGroup = 6FCC33F7248252D700112FEB;
			packageReferences = (
				6F1E859124830DEE00B18D85 /* XCRemoteSwiftPackageReference "Kingfisher" */,
			);
			productRefGroup = 6FCC3401248252D700112FEB /* Products */;
			projectDirPath = "";
			projectRoot = "";
			targets = (
				6FCC33FF248252D700112FEB /* Movies */,
			);
		};
/* End PBXProject section */

/* Begin PBXResourcesBuildPhase section */
		6FCC33FE248252D700112FEB /* Resources */ = {
			isa = PBXResourcesBuildPhase;
			buildActionMask = 2147483647;
			files = (
				6FCC3410248252D700112FEB /* LaunchScreen.storyboard in Resources */,
				6F683D1A24858ED700296B6D /* Default-568h@2x.png in Resources */,
				6FCC340D248252D700112FEB /* Preview Assets.xcassets in Resources */,
				6FCC340A248252D700112FEB /* Assets.xcassets in Resources */,
			);
			runOnlyForDeploymentPostprocessing = 0;
		};
/* End PBXResourcesBuildPhase section */

/* Begin PBXSourcesBuildPhase section */
		6FCC33FC248252D700112FEB /* Sources */ = {
			isa = PBXSourcesBuildPhase;
			buildActionMask = 2147483647;
			files = (
				6FA8DBE92484EA5D00A6232E /* MovieActor.swift in Sources */,
				6FA8DBE02484282400A6232E /* Tools.swift in Sources */,
				6FD8AD1B2483FF4000B1BAE8 /* DataGenres.swift in Sources */,
				6FB4438C248550E2001AC3A7 /* Home.swift in Sources */,
				6F683D1824856F2F00296B6D /* ActorsList.swift in Sources */,
				6F3071442485359F00C2A085 /* GenresList.swift in Sources */,
				6FCC3404248252D700112FEB /* AppDelegate.swift in Sources */,
				6FA8DBE524844BB500A6232E /* Genre.swift in Sources */,
				6FCC3406248252D700112FEB /* SceneDelegate.swift in Sources */,
				6FA8DBE324844B8300A6232E /* Movie.swift in Sources */,
				6FCC341924825D5200112FEB /* DataMovies.swift in Sources */,
				6FCC342F2482B6D900112FEB /* MovieDetail.swift in Sources */,
				6FCC342D2482964D00112FEB /* MoviesList.swift in Sources */,
				6FA8DBE72484E9E100A6232E /* DataCastMovie.swift in Sources */,
				6FCC3408248252D700112FEB /* ContentView.swift in Sources */,
				6FCC34312482CE9E00112FEB /* MovieItem.swift in Sources */,
			);
			runOnlyForDeploymentPostprocessing = 0;
		};
/* End PBXSourcesBuildPhase section */

/* Begin PBXVariantGroup section */
		6FCC340E248252D700112FEB /* LaunchScreen.storyboard */ = {
			isa = PBXVariantGroup;
			children = (
				6FCC340F248252D700112FEB /* Base */,
			);
			name = LaunchScreen.storyboard;
			sourceTree = "<group>";
		};
/* End PBXVariantGroup section */

/* Begin XCBuildConfiguration section */
		6FCC3412248252D700112FEB /* Debug */ = {
			isa = XCBuildConfiguration;
			buildSettings = {
				ALWAYS_SEARCH_USER_PATHS = NO;
				CLANG_ANALYZER_NONNULL = YES;
				CLANG_ANALYZER_NUMBER_OBJECT_CONVERSION = YES_AGGRESSIVE;
				CLANG_CXX_LANGUAGE_STANDARD = "gnu++14";
				CLANG_CXX_LIBRARY = "libc++";
				CLANG_ENABLE_MODULES = YES;
				CLANG_ENABLE_OBJC_ARC = YES;
				CLANG_ENABLE_OBJC_WEAK = YES;
				CLANG_WARN_BLOCK_CAPTURE_AUTORELEASING = YES;
				CLANG_WARN_BOOL_CONVERSION = YES;
				CLANG_WARN_COMMA = YES;
				CLANG_WARN_CONSTANT_CONVERSION = YES;
				CLANG_WARN_DEPRECATED_OBJC_IMPLEMENTATIONS = YES;
				CLANG_WARN_DIRECT_OBJC_ISA_USAGE = YES_ERROR;
				CLANG_WARN_DOCUMENTATION_COMMENTS = YES;
				CLANG_WARN_EMPTY_BODY = YES;
				CLANG_WARN_ENUM_CONVERSION = YES;
				CLANG_WARN_INFINITE_RECURSION = YES;
				CLANG_WARN_INT_CONVERSION = YES;
				CLANG_WARN_NON_LITERAL_NULL_CONVERSION = YES;
				CLANG_WARN_OBJC_IMPLICIT_RETAIN_SELF = YES;
				CLANG_WARN_OBJC_LITERAL_CONVERSION = YES;
				CLANG_WARN_OBJC_ROOT_CLASS = YES_ERROR;
				CLANG_WARN_RANGE_LOOP_ANALYSIS = YES;
				CLANG_WARN_STRICT_PROTOTYPES = YES;
				CLANG_WARN_SUSPICIOUS_MOVE = YES;
				CLANG_WARN_UNGUARDED_AVAILABILITY = YES_AGGRESSIVE;
				CLANG_WARN_UNREACHABLE_CODE = YES;
				CLANG_WARN__DUPLICATE_METHOD_MATCH = YES;
				COPY_PHASE_STRIP = NO;
				DEBUG_INFORMATION_FORMAT = dwarf;
				ENABLE_STRICT_OBJC_MSGSEND = YES;
				ENABLE_TESTABILITY = YES;
				GCC_C_LANGUAGE_STANDARD = gnu11;
				GCC_DYNAMIC_NO_PIC = NO;
				GCC_NO_COMMON_BLOCKS = YES;
				GCC_OPTIMIZATION_LEVEL = 0;
				GCC_PREPROCESSOR_DEFINITIONS = (
					"DEBUG=1",
					"$(inherited)",
				);
				GCC_WARN_64_TO_32_BIT_CONVERSION = YES;
				GCC_WARN_ABOUT_RETURN_TYPE = YES_ERROR;
				GCC_WARN_UNDECLARED_SELECTOR = YES;
				GCC_WARN_UNINITIALIZED_AUTOS = YES_AGGRESSIVE;
				GCC_WARN_UNUSED_FUNCTION = YES;
				GCC_WARN_UNUSED_VARIABLE = YES;
				IPHONEOS_DEPLOYMENT_TARGET = 13.5;
				MTL_ENABLE_DEBUG_INFO = INCLUDE_SOURCE;
				MTL_FAST_MATH = YES;
				ONLY_ACTIVE_ARCH = YES;
				SDKROOT = iphoneos;
				SWIFT_ACTIVE_COMPILATION_CONDITIONS = DEBUG;
				SWIFT_OPTIMIZATION_LEVEL = "-Onone";
			};
			name = Debug;
		};
		6FCC3413248252D700112FEB /* Release */ = {
			isa = XCBuildConfiguration;
			buildSettings = {
				ALWAYS_SEARCH_USER_PATHS = NO;
				CLANG_ANALYZER_NONNULL = YES;
				CLANG_ANALYZER_NUMBER_OBJECT_CONVERSION = YES_AGGRESSIVE;
				CLANG_CXX_LANGUAGE_STANDARD = "gnu++14";
				CLANG_CXX_LIBRARY = "libc++";
				CLANG_ENABLE_MODULES = YES;
				CLANG_ENABLE_OBJC_ARC = YES;
				CLANG_ENABLE_OBJC_WEAK = YES;
				CLANG_WARN_BLOCK_CAPTURE_AUTORELEASING = YES;
				CLANG_WARN_BOOL_CONVERSION = YES;
				CLANG_WARN_COMMA = YES;
				CLANG_WARN_CONSTANT_CONVERSION = YES;
				CLANG_WARN_DEPRECATED_OBJC_IMPLEMENTATIONS = YES;
				CLANG_WARN_DIRECT_OBJC_ISA_USAGE = YES_ERROR;
				CLANG_WARN_DOCUMENTATION_COMMENTS = YES;
				CLANG_WARN_EMPTY_BODY = YES;
				CLANG_WARN_ENUM_CONVERSION = YES;
				CLANG_WARN_INFINITE_RECURSION = YES;
				CLANG_WARN_INT_CONVERSION = YES;
				CLANG_WARN_NON_LITERAL_NULL_CONVERSION = YES;
				CLANG_WARN_OBJC_IMPLICIT_RETAIN_SELF = YES;
				CLANG_WARN_OBJC_LITERAL_CONVERSION = YES;
				CLANG_WARN_OBJC_ROOT_CLASS = YES_ERROR;
				CLANG_WARN_RANGE_LOOP_ANALYSIS = YES;
				CLANG_WARN_STRICT_PROTOTYPES = YES;
				CLANG_WARN_SUSPICIOUS_MOVE = YES;
				CLANG_WARN_UNGUARDED_AVAILABILITY = YES_AGGRESSIVE;
				CLANG_WARN_UNREACHABLE_CODE = YES;
				CLANG_WARN__DUPLICATE_METHOD_MATCH = YES;
				COPY_PHASE_STRIP = NO;
				DEBUG_INFORMATION_FORMAT = "dwarf-with-dsym";
				ENABLE_NS_ASSERTIONS = NO;
				ENABLE_STRICT_OBJC_MSGSEND = YES;
				GCC_C_LANGUAGE_STANDARD = gnu11;
				GCC_NO_COMMON_BLOCKS = YES;
				GCC_WARN_64_TO_32_BIT_CONVERSION = YES;
				GCC_WARN_ABOUT_RETURN_TYPE = YES_ERROR;
				GCC_WARN_UNDECLARED_SELECTOR = YES;
				GCC_WARN_UNINITIALIZED_AUTOS = YES_AGGRESSIVE;
				GCC_WARN_UNUSED_FUNCTION = YES;
				GCC_WARN_UNUSED_VARIABLE = YES;
				IPHONEOS_DEPLOYMENT_TARGET = 13.5;
				MTL_ENABLE_DEBUG_INFO = NO;
				MTL_FAST_MATH = YES;
				SDKROOT = iphoneos;
				SWIFT_COMPILATION_MODE = wholemodule;
				SWIFT_OPTIMIZATION_LEVEL = "-O";
				VALIDATE_PRODUCT = YES;
			};
			name = Release;
		};
		6FCC3415248252D700112FEB /* Debug */ = {
			isa = XCBuildConfiguration;
			buildSettings = {
				ASSETCATALOG_COMPILER_APPICON_NAME = AppIcon;
				CODE_SIGN_STYLE = Automatic;
				DEVELOPMENT_ASSET_PATHS = "\"Movies/Preview Content\"";
				ENABLE_PREVIEWS = YES;
				INFOPLIST_FILE = Movies/Info.plist;
				LD_RUNPATH_SEARCH_PATHS = (
					"$(inherited)",
					"@executable_path/Frameworks",
				);
				PRODUCT_BUNDLE_IDENTIFIER = antoine.Movies;
				PRODUCT_NAME = "$(TARGET_NAME)";
				SWIFT_VERSION = 5.0;
				TARGETED_DEVICE_FAMILY = "1,2";
			};
			name = Debug;
		};
		6FCC3416248252D700112FEB /* Release */ = {
			isa = XCBuildConfiguration;
			buildSettings = {
				ASSETCATALOG_COMPILER_APPICON_NAME = AppIcon;
				CODE_SIGN_STYLE = Automatic;
				DEVELOPMENT_ASSET_PATHS = "\"Movies/Preview Content\"";
				ENABLE_PREVIEWS = YES;
				INFOPLIST_FILE = Movies/Info.plist;
				LD_RUNPATH_SEARCH_PATHS = (
					"$(inherited)",
					"@executable_path/Frameworks",
				);
				PRODUCT_BUNDLE_IDENTIFIER = antoine.Movies;
				PRODUCT_NAME = "$(TARGET_NAME)";
				SWIFT_VERSION = 5.0;
				TARGETED_DEVICE_FAMILY = "1,2";
			};
			name = Release;
		};
/* End XCBuildConfiguration section */

/* Begin XCConfigurationList section */
		6FCC33FB248252D700112FEB /* Build configuration list for PBXProject "Movies" */ = {
			isa = XCConfigurationList;
			buildConfigurations = (
				6FCC3412248252D700112FEB /* Debug */,
				6FCC3413248252D700112FEB /* Release */,
			);
			defaultConfigurationIsVisible = 0;
			defaultConfigurationName = Release;
		};
		6FCC3414248252D700112FEB /* Build configuration list for PBXNativeTarget "Movies" */ = {
			isa = XCConfigurationList;
			buildConfigurations = (
				6FCC3415248252D700112FEB /* Debug */,
				6FCC3416248252D700112FEB /* Release */,
			);
			defaultConfigurationIsVisible = 0;
			defaultConfigurationName = Release;
		};
/* End XCConfigurationList section */

/* Begin XCRemoteSwiftPackageReference section */
		6F1E859124830DEE00B18D85 /* XCRemoteSwiftPackageReference "Kingfisher" */ = {
			isa = XCRemoteSwiftPackageReference;
			repositoryURL = "https://github.com/onevcat/Kingfisher.git";
			requirement = {
				kind = upToNextMajorVersion;
				minimumVersion = 5.14.0;
			};
		};
/* End XCRemoteSwiftPackageReference section */

/* Begin XCSwiftPackageProductDependency section */
		6F1E859224830DEE00B18D85 /* KingfisherSwiftUI */ = {
			isa = XCSwiftPackageProductDependency;
			package = 6F1E859124830DEE00B18D85 /* XCRemoteSwiftPackageReference "Kingfisher" */;
			productName = KingfisherSwiftUI;
		};
/* End XCSwiftPackageProductDependency section */
	};
	rootObject = 6FCC33F8248252D700112FEB /* Project object */;
}
